// !$*UTF8*$!
{
	archiveVersion = 1;
	classes = {
	};
	objectVersion = 50;
	objects = {

/* Begin PBXBuildFile section */
		CA1047CC208F9E3700E0B3FF /* AppDelegate.swift in Sources */ = {isa = PBXBuildFile; fileRef = CA1047CB208F9E3700E0B3FF /* AppDelegate.swift */; };
		CA1047CE208F9E3700E0B3FF /* ViewController.swift in Sources */ = {isa = PBXBuildFile; fileRef = CA1047CD208F9E3700E0B3FF /* ViewController.swift */; };
		CA1047D1208F9E3700E0B3FF /* Main.storyboard in Resources */ = {isa = PBXBuildFile; fileRef = CA1047CF208F9E3700E0B3FF /* Main.storyboard */; };
		CA1047D3208F9E3900E0B3FF /* Assets.xcassets in Resources */ = {isa = PBXBuildFile; fileRef = CA1047D2208F9E3900E0B3FF /* Assets.xcassets */; };
		CA1047D6208F9E3900E0B3FF /* LaunchScreen.storyboard in Resources */ = {isa = PBXBuildFile; fileRef = CA1047D4208F9E3900E0B3FF /* LaunchScreen.storyboard */; };
/* End PBXBuildFile section */

/* Begin PBXFileReference section */
		CA1047C8208F9E3700E0B3FF /* PublishSubsribeRed5SwiftExample.app */ = {isa = PBXFileReference; explicitFileType = wrapper.application; includeInIndex = 0; path = PublishSubsribeRed5SwiftExample.app; sourceTree = BUILT_PRODUCTS_DIR; };
		CA1047CB208F9E3700E0B3FF /* AppDelegate.swift */ = {isa = PBXFileReference; lastKnownFileType = sourcecode.swift; path = AppDelegate.swift; sourceTree = "<group>"; };
		CA1047CD208F9E3700E0B3FF /* ViewController.swift */ = {isa = PBXFileReference; lastKnownFileType = sourcecode.swift; path = ViewController.swift; sourceTree = "<group>"; };
		CA1047D0208F9E3700E0B3FF /* Base */ = {isa = PBXFileReference; lastKnownFileType = file.storyboard; name = Base; path = Base.lproj/Main.storyboard; sourceTree = "<group>"; };
		CA1047D2208F9E3900E0B3FF /* Assets.xcassets */ = {isa = PBXFileReference; lastKnownFileType = folder.assetcatalog; path = Assets.xcassets; sourceTree = "<group>"; };
		CA1047D5208F9E3900E0B3FF /* Base */ = {isa = PBXFileReference; lastKnownFileType = file.storyboard; name = Base; path = Base.lproj/LaunchScreen.storyboard; sourceTree = "<group>"; };
		CA1047D7208F9E3900E0B3FF /* Info.plist */ = {isa = PBXFileReference; lastKnownFileType = text.plist.xml; path = Info.plist; sourceTree = "<group>"; };
/* End PBXFileReference section */

/* Begin PBXFrameworksBuildPhase section */
		CA1047C5208F9E3700E0B3FF /* Frameworks */ = {
			isa = PBXFrameworksBuildPhase;
			buildActionMask = 2147483647;
			files = (
			);
			runOnlyForDeploymentPostprocessing = 0;
		};
/* End PBXFrameworksBuildPhase section */

/* Begin PBXGroup section */
		CA1047BF208F9E3600E0B3FF = {
			isa = PBXGroup;
			children = (
				CA1047CA208F9E3700E0B3FF /* PublishSubsribeRed5SwiftExample */,
				CA1047C9208F9E3700E0B3FF /* Products */,
			);
			sourceTree = "<group>";
		};
		CA1047C9208F9E3700E0B3FF /* Products */ = {
			isa = PBXGroup;
			children = (
				CA1047C8208F9E3700E0B3FF /* PublishSubsribeRed5SwiftExample.app */,
			);
			name = Products;
			sourceTree = "<group>";
		};
		CA1047CA208F9E3700E0B3FF /* PublishSubsribeRed5SwiftExample */ = {
			isa = PBXGroup;
			children = (
				CA1047CB208F9E3700E0B3FF /* AppDelegate.swift */,
				CA1047CD208F9E3700E0B3FF /* ViewController.swift */,
				CA1047CF208F9E3700E0B3FF /* Main.storyboard */,
				CA1047D2208F9E3900E0B3FF /* Assets.xcassets */,
				CA1047D4208F9E3900E0B3FF /* LaunchScreen.storyboard */,
				CA1047D7208F9E3900E0B3FF /* Info.plist */,
			);
			path = PublishSubsribeRed5SwiftExample;
			sourceTree = "<group>";
		};
/* End PBXGroup section */

/* Begin PBXNativeTarget section */
		CA1047C7208F9E3700E0B3FF /* PublishSubsribeRed5SwiftExample */ = {
			isa = PBXNativeTarget;
			buildConfigurationList = CA1047DA208F9E3900E0B3FF /* Build configuration list for PBXNativeTarget "PublishSubsribeRed5SwiftExample" */;
			buildPhases = (
				CA1047C4208F9E3700E0B3FF /* Sources */,
				CA1047C5208F9E3700E0B3FF /* Frameworks */,
				CA1047C6208F9E3700E0B3FF /* Resources */,
			);
			buildRules = (
			);
			dependencies = (
			);
			name = PublishSubsribeRed5SwiftExample;
			productName = PublishSubsribeRed5SwiftExample;
			productReference = CA1047C8208F9E3700E0B3FF /* PublishSubsribeRed5SwiftExample.app */;
			productType = "com.apple.product-type.application";
		};
/* End PBXNativeTarget section */

/* Begin PBXProject section */
		CA1047C0208F9E3600E0B3FF /* Project object */ = {
			isa = PBXProject;
			attributes = {
				LastSwiftUpdateCheck = 0930;
				LastUpgradeCheck = 0930;
				ORGANIZATIONNAME = carlosdelamora;
				TargetAttributes = {
					CA1047C7208F9E3700E0B3FF = {
						CreatedOnToolsVersion = 9.3;
					};
				};
			};
			buildConfigurationList = CA1047C3208F9E3600E0B3FF /* Build configuration list for PBXProject "PublishSubsribeRed5SwiftExample" */;
			compatibilityVersion = "Xcode 9.3";
			developmentRegion = en;
			hasScannedForEncodings = 0;
			knownRegions = (
				en,
				Base,
			);
			mainGroup = CA1047BF208F9E3600E0B3FF;
			productRefGroup = CA1047C9208F9E3700E0B3FF /* Products */;
			projectDirPath = "";
			projectRoot = "";
			targets = (
				CA1047C7208F9E3700E0B3FF /* PublishSubsribeRed5SwiftExample */,
			);
		};
/* End PBXProject section */

/* Begin PBXResourcesBuildPhase section */
		CA1047C6208F9E3700E0B3FF /* Resources */ = {
			isa = PBXResourcesBuildPhase;
			buildActionMask = 2147483647;
			files = (
				CA1047D6208F9E3900E0B3FF /* LaunchScreen.storyboard in Resources */,
				CA1047D3208F9E3900E0B3FF /* Assets.xcassets in Resources */,
				CA1047D1208F9E3700E0B3FF /* Main.storyboard in Resources */,
			);
			runOnlyForDeploymentPostprocessing = 0;
		};
/* End PBXResourcesBuildPhase section */

/* Begin PBXSourcesBuildPhase section */
		CA1047C4208F9E3700E0B3FF /* Sources */ = {
			isa = PBXSourcesBuildPhase;
			buildActionMask = 2147483647;
			files = (
				CA1047CE208F9E3700E0B3FF /* ViewController.swift in Sources */,
				CA1047CC208F9E3700E0B3FF /* AppDelegate.swift in Sources */,
			);
			runOnlyForDeploymentPostprocessing = 0;
		};
/* End PBXSourcesBuildPhase section */

/* Begin PBXVariantGroup section */
		CA1047CF208F9E3700E0B3FF /* Main.storyboard */ = {
			isa = PBXVariantGroup;
			children = (
				CA1047D0208F9E3700E0B3FF /* Base */,
			);
			name = Main.storyboard;
			sourceTree = "<group>";
		};
		CA1047D4208F9E3900E0B3FF /* LaunchScreen.storyboard */ = {
			isa = PBXVariantGroup;
			children = (
				CA1047D5208F9E3900E0B3FF /* Base */,
			);
			name = LaunchScreen.storyboard;
			sourceTree = "<group>";
		};
/* End PBXVariantGroup section */

/* Begin XCBuildConfiguration section */
		CA1047D8208F9E3900E0B3FF /* Debug */ = {
			isa = XCBuildConfiguration;
			buildSettings = {
				ALWAYS_SEARCH_USER_PATHS = NO;
				CLANG_ANALYZER_NONNULL = YES;
				CLANG_ANALYZER_NUMBER_OBJECT_CONVERSION = YES_AGGRESSIVE;
				CLANG_CXX_LANGUAGE_STANDARD = "gnu++14";
				CLANG_CXX_LIBRARY = "libc++";
				CLANG_ENABLE_MODULES = YES;
				CLANG_ENABLE_OBJC_ARC = YES;
				CLANG_ENABLE_OBJC_WEAK = YES;
				CLANG_WARN_BLOCK_CAPTURE_AUTORELEASING = YES;
				CLANG_WARN_BOOL_CONVERSION = YES;
				CLANG_WARN_COMMA = YES;
				CLANG_WARN_CONSTANT_CONVERSION = YES;
				CLANG_WARN_DEPRECATED_OBJC_IMPLEMENTATIONS = YES;
				CLANG_WARN_DIRECT_OBJC_ISA_USAGE = YES_ERROR;
				CLANG_WARN_DOCUMENTATION_COMMENTS = YES;
				CLANG_WARN_EMPTY_BODY = YES;
				CLANG_WARN_ENUM_CONVERSION = YES;
				CLANG_WARN_INFINITE_RECURSION = YES;
				CLANG_WARN_INT_CONVERSION = YES;
				CLANG_WARN_NON_LITERAL_NULL_CONVERSION = YES;
				CLANG_WARN_OBJC_IMPLICIT_RETAIN_SELF = YES;
				CLANG_WARN_OBJC_LITERAL_CONVERSION = YES;
				CLANG_WARN_OBJC_ROOT_CLASS = YES_ERROR;
				CLANG_WARN_RANGE_LOOP_ANALYSIS = YES;
				CLANG_WARN_STRICT_PROTOTYPES = YES;
				CLANG_WARN_SUSPICIOUS_MOVE = YES;
				CLANG_WARN_UNGUARDED_AVAILABILITY = YES_AGGRESSIVE;
				CLANG_WARN_UNREACHABLE_CODE = YES;
				CLANG_WARN__DUPLICATE_METHOD_MATCH = YES;
				CODE_SIGN_IDENTITY = "iPhone Developer";
				COPY_PHASE_STRIP = NO;
				DEBUG_INFORMATION_FORMAT = dwarf;
				ENABLE_STRICT_OBJC_MSGSEND = YES;
				ENABLE_TESTABILITY = YES;
				GCC_C_LANGUAGE_STANDARD = gnu11;
				GCC_DYNAMIC_NO_PIC = NO;
				GCC_NO_COMMON_BLOCKS = YES;
				GCC_OPTIMIZATION_LEVEL = 0;
				GCC_PREPROCESSOR_DEFINITIONS = (
					"DEBUG=1",
					"$(inherited)",
				);
				GCC_WARN_64_TO_32_BIT_CONVERSION = YES;
				GCC_WARN_ABOUT_RETURN_TYPE = YES_ERROR;
				GCC_WARN_UNDECLARED_SELECTOR = YES;
				GCC_WARN_UNINITIALIZED_AUTOS = YES_AGGRESSIVE;
				GCC_WARN_UNUSED_FUNCTION = YES;
				GCC_WARN_UNUSED_VARIABLE = YES;
				IPHONEOS_DEPLOYMENT_TARGET = 11.3;
				MTL_ENABLE_DEBUG_INFO = YES;
				ONLY_ACTIVE_ARCH = YES;
				SDKROOT = iphoneos;
				SWIFT_ACTIVE_COMPILATION_CONDITIONS = DEBUG;
				SWIFT_OPTIMIZATION_LEVEL = "-Onone";
			};
			name = Debug;
		};
		CA1047D9208F9E3900E0B3FF /* Release */ = {
			isa = XCBuildConfiguration;
			buildSettings = {
				ALWAYS_SEARCH_USER_PATHS = NO;
				CLANG_ANALYZER_NONNULL = YES;
				CLANG_ANALYZER_NUMBER_OBJECT_CONVERSION = YES_AGGRESSIVE;
				CLANG_CXX_LANGUAGE_STANDARD = "gnu++14";
				CLANG_CXX_LIBRARY = "libc++";
				CLANG_ENABLE_MODULES = YES;
				CLANG_ENABLE_OBJC_ARC = YES;
				CLANG_ENABLE_OBJC_WEAK = YES;
				CLANG_WARN_BLOCK_CAPTURE_AUTORELEASING = YES;
				CLANG_WARN_BOOL_CONVERSION = YES;
				CLANG_WARN_COMMA = YES;
				CLANG_WARN_CONSTANT_CONVERSION = YES;
				CLANG_WARN_DEPRECATED_OBJC_IMPLEMENTATIONS = YES;
				CLANG_WARN_DIRECT_OBJC_ISA_USAGE = YES_ERROR;
				CLANG_WARN_DOCUMENTATION_COMMENTS = YES;
				CLANG_WARN_EMPTY_BODY = YES;
				CLANG_WARN_ENUM_CONVERSION = YES;
				CLANG_WARN_INFINITE_RECURSION = YES;
				CLANG_WARN_INT_CONVERSION = YES;
				CLANG_WARN_NON_LITERAL_NULL_CONVERSION = YES;
				CLANG_WARN_OBJC_IMPLICIT_RETAIN_SELF = YES;
				CLANG_WARN_OBJC_LITERAL_CONVERSION = YES;
				CLANG_WARN_OBJC_ROOT_CLASS = YES_ERROR;
				CLANG_WARN_RANGE_LOOP_ANALYSIS = YES;
				CLANG_WARN_STRICT_PROTOTYPES = YES;
				CLANG_WARN_SUSPICIOUS_MOVE = YES;
				CLANG_WARN_UNGUARDED_AVAILABILITY = YES_AGGRESSIVE;
				CLANG_WARN_UNREACHABLE_CODE = YES;
				CLANG_WARN__DUPLICATE_METHOD_MATCH = YES;
				CODE_SIGN_IDENTITY = "iPhone Developer";
				COPY_PHASE_STRIP = NO;
				DEBUG_INFORMATION_FORMAT = "dwarf-with-dsym";
				ENABLE_NS_ASSERTIONS = NO;
				ENABLE_STRICT_OBJC_MSGSEND = YES;
				GCC_C_LANGUAGE_STANDARD = gnu11;
				GCC_NO_COMMON_BLOCKS = YES;
				GCC_WARN_64_TO_32_BIT_CONVERSION = YES;
				GCC_WARN_ABOUT_RETURN_TYPE = YES_ERROR;
				GCC_WARN_UNDECLARED_SELECTOR = YES;
				GCC_WARN_UNINITIALIZED_AUTOS = YES_AGGRESSIVE;
				GCC_WARN_UNUSED_FUNCTION = YES;
				GCC_WARN_UNUSED_VARIABLE = YES;
				IPHONEOS_DEPLOYMENT_TARGET = 11.3;
				MTL_ENABLE_DEBUG_INFO = NO;
				SDKROOT = iphoneos;
				SWIFT_COMPILATION_MODE = wholemodule;
				SWIFT_OPTIMIZATION_LEVEL = "-O";
				VALIDATE_PRODUCT = YES;
			};
			name = Release;
		};
		CA1047DB208F9E3900E0B3FF /* Debug */ = {
			isa = XCBuildConfiguration;
			buildSettings = {
				ASSETCATALOG_COMPILER_APPICON_NAME = AppIcon;
				CODE_SIGN_STYLE = Automatic;
				DEVELOPMENT_TEAM = 5PRK9NET39;
				INFOPLIST_FILE = PublishSubsribeRed5SwiftExample/Info.plist;
				LD_RUNPATH_SEARCH_PATHS = (
					"$(inherited)",
					"@executable_path/Frameworks",
				);
				PRODUCT_BUNDLE_IDENTIFIER = com.carlosDelaMora.PublishSubsribeRed5SwiftExample;
				PRODUCT_NAME = "$(TARGET_NAME)";
				SWIFT_VERSION = 4.0;
				TARGETED_DEVICE_FAMILY = "1,2";
			};
			name = Debug;
		};
		CA1047DC208F9E3900E0B3FF /* Release */ = {
			isa = XCBuildConfiguration;
			buildSettings = {
				ASSETCATALOG_COMPILER_APPICON_NAME = AppIcon;
				CODE_SIGN_STYLE = Automatic;
				DEVELOPMENT_TEAM = 5PRK9NET39;
				INFOPLIST_FILE = PublishSubsribeRed5SwiftExample/Info.plist;
				LD_RUNPATH_SEARCH_PATHS = (
					"$(inherited)",
					"@executable_path/Frameworks",
				);
				PRODUCT_BUNDLE_IDENTIFIER = com.carlosDelaMora.PublishSubsribeRed5SwiftExample;
				PRODUCT_NAME = "$(TARGET_NAME)";
				SWIFT_VERSION = 4.0;
				TARGETED_DEVICE_FAMILY = "1,2";
			};
			name = Release;
		};
/* End XCBuildConfiguration section */

/* Begin XCConfigurationList section */
		CA1047C3208F9E3600E0B3FF /* Build configuration list for PBXProject "PublishSubsribeRed5SwiftExample" */ = {
			isa = XCConfigurationList;
			buildConfigurations = (
				CA1047D8208F9E3900E0B3FF /* Debug */,
				CA1047D9208F9E3900E0B3FF /* Release */,
			);
			defaultConfigurationIsVisible = 0;
			defaultConfigurationName = Release;
		};
		CA1047DA208F9E3900E0B3FF /* Build configuration list for PBXNativeTarget "PublishSubsribeRed5SwiftExample" */ = {
			isa = XCConfigurationList;
			buildConfigurations = (
				CA1047DB208F9E3900E0B3FF /* Debug */,
				CA1047DC208F9E3900E0B3FF /* Release */,
			);
			defaultConfigurationIsVisible = 0;
			defaultConfigurationName = Release;
		};
/* End XCConfigurationList section */
	};
	rootObject = CA1047C0208F9E3600E0B3FF /* Project object */;
}
